<?xml version="1.0" encoding="utf-8"?>
<Project ToolsVersion="17.0" xmlns="http://schemas.microsoft.com/developer/msbuild/2003">
  <ItemGroup>
    <CustomBuild Include="C:\SENAuthenticator\movil\windows\CMakeFiles\66ded09f991bfaf125998ce30f101bd4\generate.stamp.rule">
      <Filter>CMake Rules</Filter>
    </CustomBuild>
  </ItemGroup>
  <ItemGroup>
    <Filter Include="CMake Rules">
      <UniqueIdentifier>{46B9F18C-53B2-3F14-BA32-1B22C73870B3}</UniqueIdentifier>
    </Filter>
  </ItemGroup>
</Project>
