
Microsoft Visual Studio Solution File, Format Version 12.00
# Visual Studio Version 17
Project("{8BC9CEB8-8B4A-11D0-8D11-00A0C91BC942}") = "ALL_BUILD", "ALL_BUILD.vcxproj", "{0D923FAD-15BB-3AE4-B424-65657596F562}"
	ProjectSection(ProjectDependencies) = postProject
		{C171D041-4B97-3858-9997-0D926AE5DD0E} = {C171D041-4B97-3858-9997-0D926AE5DD0E}
		{33502ED7-1CCE-3E5D-89E8-DB727FB4FFB2} = {33502ED7-1CCE-3E5D-89E8-DB727FB4FFB2}
	EndProjectSection
EndProject
Project("{8BC9CEB8-8B4A-11D0-8D11-00A0C91BC942}") = "INSTALL", "INSTALL.vcxproj", "{54BF8007-E10D-3141-A28B-F7623A49A2DE}"
	ProjectSection(ProjectDependencies) = postProject
		{0D923FAD-15BB-3AE4-B424-65657596F562} = {0D923FAD-15BB-3AE4-B424-65657596F562}
		{C171D041-4B97-3858-9997-0D926AE5DD0E} = {C171D041-4B97-3858-9997-0D926AE5DD0E}
	EndProjectSection
EndProject
Project("{8BC9CEB8-8B4A-11D0-8D11-00A0C91BC942}") = "ZERO_CHECK", "..\..\\ZERO_CHECK.vcxproj", "{C171D041-4B97-3858-9997-0D926AE5DD0E}"
	ProjectSection(ProjectDependencies) = postProject
	EndProjectSection
EndProject
Project("{8BC9CEB8-8B4A-11D0-8D11-00A0C91BC942}") = "file_selector_windows_plugin", "file_selector_windows_plugin.vcxproj", "{33502ED7-1CCE-3E5D-89E8-DB727FB4FFB2}"
	ProjectSection(ProjectDependencies) = postProject
		{C171D041-4B97-3858-9997-0D926AE5DD0E} = {C171D041-4B97-3858-9997-0D926AE5DD0E}
		{AAF9165C-43FB-3914-9BC7-B72EECC21254} = {AAF9165C-43FB-3914-9BC7-B72EECC21254}
		{77E3B109-DC2E-33BE-8C76-82B38459EE7E} = {77E3B109-DC2E-33BE-8C76-82B38459EE7E}
	EndProjectSection
EndProject
Project("{8BC9CEB8-8B4A-11D0-8D11-00A0C91BC942}") = "flutter_assemble", "..\..\flutter\flutter_assemble.vcxproj", "{AAF9165C-43FB-3914-9BC7-B72EECC21254}"
	ProjectSection(ProjectDependencies) = postProject
		{C171D041-4B97-3858-9997-0D926AE5DD0E} = {C171D041-4B97-3858-9997-0D926AE5DD0E}
	EndProjectSection
EndProject
Project("{8BC9CEB8-8B4A-11D0-8D11-00A0C91BC942}") = "flutter_wrapper_plugin", "..\..\flutter\flutter_wrapper_plugin.vcxproj", "{77E3B109-DC2E-33BE-8C76-82B38459EE7E}"
	ProjectSection(ProjectDependencies) = postProject
		{C171D041-4B97-3858-9997-0D926AE5DD0E} = {C171D041-4B97-3858-9997-0D926AE5DD0E}
		{AAF9165C-43FB-3914-9BC7-B72EECC21254} = {AAF9165C-43FB-3914-9BC7-B72EECC21254}
	EndProjectSection
EndProject
Global
	GlobalSection(SolutionConfigurationPlatforms) = preSolution
		Debug|x64 = Debug|x64
		Profile|x64 = Profile|x64
		Release|x64 = Release|x64
	EndGlobalSection
	GlobalSection(ProjectConfigurationPlatforms) = postSolution
		{0D923FAD-15BB-3AE4-B424-65657596F562}.Debug|x64.ActiveCfg = Debug|x64
		{0D923FAD-15BB-3AE4-B424-65657596F562}.Debug|x64.Build.0 = Debug|x64
		{0D923FAD-15BB-3AE4-B424-65657596F562}.Profile|x64.ActiveCfg = Profile|x64
		{0D923FAD-15BB-3AE4-B424-65657596F562}.Profile|x64.Build.0 = Profile|x64
		{0D923FAD-15BB-3AE4-B424-65657596F562}.Release|x64.ActiveCfg = Release|x64
		{0D923FAD-15BB-3AE4-B424-65657596F562}.Release|x64.Build.0 = Release|x64
		{54BF8007-E10D-3141-A28B-F7623A49A2DE}.Debug|x64.ActiveCfg = Debug|x64
		{54BF8007-E10D-3141-A28B-F7623A49A2DE}.Profile|x64.ActiveCfg = Profile|x64
		{54BF8007-E10D-3141-A28B-F7623A49A2DE}.Release|x64.ActiveCfg = Release|x64
		{C171D041-4B97-3858-9997-0D926AE5DD0E}.Debug|x64.ActiveCfg = Debug|x64
		{C171D041-4B97-3858-9997-0D926AE5DD0E}.Debug|x64.Build.0 = Debug|x64
		{C171D041-4B97-3858-9997-0D926AE5DD0E}.Profile|x64.ActiveCfg = Profile|x64
		{C171D041-4B97-3858-9997-0D926AE5DD0E}.Profile|x64.Build.0 = Profile|x64
		{C171D041-4B97-3858-9997-0D926AE5DD0E}.Release|x64.ActiveCfg = Release|x64
		{C171D041-4B97-3858-9997-0D926AE5DD0E}.Release|x64.Build.0 = Release|x64
		{33502ED7-1CCE-3E5D-89E8-DB727FB4FFB2}.Debug|x64.ActiveCfg = Debug|x64
		{33502ED7-1CCE-3E5D-89E8-DB727FB4FFB2}.Debug|x64.Build.0 = Debug|x64
		{33502ED7-1CCE-3E5D-89E8-DB727FB4FFB2}.Profile|x64.ActiveCfg = Profile|x64
		{33502ED7-1CCE-3E5D-89E8-DB727FB4FFB2}.Profile|x64.Build.0 = Profile|x64
		{33502ED7-1CCE-3E5D-89E8-DB727FB4FFB2}.Release|x64.ActiveCfg = Release|x64
		{33502ED7-1CCE-3E5D-89E8-DB727FB4FFB2}.Release|x64.Build.0 = Release|x64
		{AAF9165C-43FB-3914-9BC7-B72EECC21254}.Debug|x64.ActiveCfg = Debug|x64
		{AAF9165C-43FB-3914-9BC7-B72EECC21254}.Debug|x64.Build.0 = Debug|x64
		{AAF9165C-43FB-3914-9BC7-B72EECC21254}.Profile|x64.ActiveCfg = Profile|x64
		{AAF9165C-43FB-3914-9BC7-B72EECC21254}.Profile|x64.Build.0 = Profile|x64
		{AAF9165C-43FB-3914-9BC7-B72EECC21254}.Release|x64.ActiveCfg = Release|x64
		{AAF9165C-43FB-3914-9BC7-B72EECC21254}.Release|x64.Build.0 = Release|x64
		{77E3B109-DC2E-33BE-8C76-82B38459EE7E}.Debug|x64.ActiveCfg = Debug|x64
		{77E3B109-DC2E-33BE-8C76-82B38459EE7E}.Debug|x64.Build.0 = Debug|x64
		{77E3B109-DC2E-33BE-8C76-82B38459EE7E}.Profile|x64.ActiveCfg = Profile|x64
		{77E3B109-DC2E-33BE-8C76-82B38459EE7E}.Profile|x64.Build.0 = Profile|x64
		{77E3B109-DC2E-33BE-8C76-82B38459EE7E}.Release|x64.ActiveCfg = Release|x64
		{77E3B109-DC2E-33BE-8C76-82B38459EE7E}.Release|x64.Build.0 = Release|x64
	EndGlobalSection
	GlobalSection(ExtensibilityGlobals) = postSolution
		SolutionGuid = {18CD9F03-4150-3545-A4E5-8A52D0E8897C}
	EndGlobalSection
	GlobalSection(ExtensibilityAddIns) = postSolution
	EndGlobalSection
EndGlobal
